
Microsoft Visual Studio Solution File, Format Version 12.00
# Visual Studio Version 16
VisualStudioVersion = 16.0.32002.261
MinimumVisualStudioVersion = 10.0.40219.1
Project("{FAE04EC0-301F-11D3-BF4B-00C04F79EFBC}") = "Hello", "Hello\Hello.csproj", "{0D85A784-87E1-4E39-A652-98AFD4039175}"
EndProject
Global
	GlobalSection(SolutionConfigurationPlatforms) = preSolution
		Debug|Any CPU = Debug|Any CPU
		Release|Any CPU = Release|Any CPU
	EndGlobalSection
	GlobalSection(ProjectConfigurationPlatforms) = postSolution
		{0D85A784-87E1-4E39-A652-98AFD4039175}.Debug|Any CPU.ActiveCfg = Debug|Any CPU
		{0D85A784-87E1-4E39-A652-98AFD4039175}.Debug|Any CPU.Build.0 = Debug|Any CPU
		{0D85A784-87E1-4E39-A652-98AFD4039175}.Release|Any CPU.ActiveCfg = Release|Any CPU
		{0D85A784-87E1-4E39-A652-98AFD4039175}.Release|Any CPU.Build.0 = Release|Any CPU
	EndGlobalSection
	GlobalSection(SolutionProperties) = preSolution
		HideSolutionNode = FALSE
	EndGlobalSection
	GlobalSection(ExtensibilityGlobals) = postSolution
		SolutionGuid = {73D95D5F-C1B1-47E5-9E88-6C934B204269}
	EndGlobalSection
EndGlobal
